<?xml version="1.0" encoding="utf-8"?>
<Project ToolsVersion="4.0" xmlns="http://schemas.microsoft.com/developer/msbuild/2003">
  <ItemGroup>
    <Filter Include="Source Files">
      <UniqueIdentifier>{a3273e1f-865a-4590-a7ec-53f35a635baf}</UniqueIdentifier>
      <Extensions>cpp;c;cxx;rc;def;r;odl;idl;hpj;bat</Extensions>
    </Filter>
    <Filter Include="Header Files">
      <UniqueIdentifier>{16059615-4066-470c-9ac2-355d9119d734}</UniqueIdentifier>
      <Extensions>h;hpp;hxx;hm;inl</Extensions>
    </Filter>
    <Filter Include="Resource Files">
      <UniqueIdentifier>{cd469fa0-af55-4c1d-a4f3-4d7e6d0b3b6b}</UniqueIdentifier>
      <Extensions>ico;cur;bmp;dlg;rc2;rct;bin;rgs;gif;jpg;jpeg;jpe</Extensions>
    </Filter>
    <Filter Include="Common Sources">
      <UniqueIdentifier>{f925a137-1ea7-4506-b376-0cfa853474a1}</UniqueIdentifier>
      <Extensions>*.c*;*.h*;</Extensions>
    </Filter>
  </ItemGroup>
  <ItemGroup>
    <ClCompile Include="..\..\..\common\sources\DialogUtilitiesWin.cpp">
      <Filter>Common Sources</Filter>
    </ClCompile>
    <ClCompile Include="..\..\..\common\sources\FilterBigDocument.cpp">
      <Filter>Common Sources</Filter>
    </ClCompile>
    <ClCompile Include="..\..\..\common\sources\PIDLLInstance.cpp">
      <Filter>Common Sources</Filter>
    </ClCompile>
    <ClCompile Include="..\..\..\common\sources\PIUSuites.cpp">
      <Filter>Common Sources</Filter>
    </ClCompile>
    <ClCompile Include="..\..\..\Common\Sources\PIUtilities.cpp">
      <Filter>Common Sources</Filter>
    </ClCompile>
    <ClCompile Include="..\..\..\common\sources\PIUtilitiesWin.cpp">
      <Filter>Common Sources</Filter>
    </ClCompile>
    <ClCompile Include="..\Common\PSGamma.cpp">
      <Filter>Source Files</Filter>
    </ClCompile>
    <ClCompile Include="..\Common\PSGammaScripting.cpp">
      <Filter>Source Files</Filter>
    </ClCompile>
    <ClCompile Include="..\Common\PSGammaRegistry.cpp">
      <Filter>Source Files</Filter>
    </ClCompile>
    <ClCompile Include="PSGammaUIWin.cpp">
      <Filter>Source Files</Filter>
    </ClCompile>
  </ItemGroup>
  <ItemGroup>
    <ClInclude Include="resource.h">
      <Filter>Header Files</Filter>
    </ClInclude>
    <ClInclude Include="..\Common\PSGamma.h">
      <Filter>Header Files</Filter>
    </ClInclude>
    <ClInclude Include="..\Common\PSGammaScripting.h">
      <Filter>Header Files</Filter>
    </ClInclude>
    <ClInclude Include="..\Common\PSGammaUI.h">
      <Filter>Header Files</Filter>
    </ClInclude>
    <ClInclude Include="..\Common\PSGammaRegistry.h">
      <Filter>Header Files</Filter>
    </ClInclude>
  </ItemGroup>
  <ItemGroup>
    <ResourceCompile Include="PSGamma.rc">
      <Filter>Resource Files</Filter>
    </ResourceCompile>
  </ItemGroup>
  <ItemGroup>
    <CustomBuild Include="..\Common\PSGamma.r">
      <Filter>Resource Files</Filter>
    </CustomBuild>
  </ItemGroup>
</Project>